// !$*UTF8*$!
{
	archiveVersion = 1;
	classes = {
	};
	objectVersion = 56;
	objects = {

/* Begin PBXBuildFile section */
		9B3B33002C28D80800B79F5C /* AppetizerDetailView.swift in Sources */ = {isa = PBXBuildFile; fileRef = 9B3B32FF2C28D80800B79F5C /* AppetizerDetailView.swift */; };
		9B3B6CD42C3E063A00FABD73 /* APButton.swift in Sources */ = {isa = PBXBuildFile; fileRef = 9B3B6CD32C3E063A00FABD73 /* APButton.swift */; };
		9B3B6CD62C3E06D700FABD73 /* DismissButton.swift in Sources */ = {isa = PBXBuildFile; fileRef = 9B3B6CD52C3E06D700FABD73 /* DismissButton.swift */; };
		9B3B6CD92C3E078D00FABD73 /* NutritionInfoView.swift in Sources */ = {isa = PBXBuildFile; fileRef = 9B3B6CD82C3E078D00FABD73 /* NutritionInfoView.swift */; };
		9B4D5FF32C2268B800A89C56 /* LoadingView.swift in Sources */ = {isa = PBXBuildFile; fileRef = 9B4D5FF22C2268B800A89C56 /* LoadingView.swift */; };
		9B5FD17C2B82629C00A95620 /* NetworkManager.swift in Sources */ = {isa = PBXBuildFile; fileRef = 9B5FD17B2B82629C00A95620 /* NetworkManager.swift */; };
		9B5FD17E2B82637600A95620 /* APError.swift in Sources */ = {isa = PBXBuildFile; fileRef = 9B5FD17D2B82637600A95620 /* APError.swift */; };
		9B5FD1802B8269A900A95620 /* AppetizerListViewModel.swift in Sources */ = {isa = PBXBuildFile; fileRef = 9B5FD17F2B8269A900A95620 /* AppetizerListViewModel.swift */; };
		9B5FD1832B826E5300A95620 /* AlertItem.swift in Sources */ = {isa = PBXBuildFile; fileRef = 9B5FD1822B826E5300A95620 /* AlertItem.swift */; };
		9B5FD1852B826E6C00A95620 /* AlertContext.swift in Sources */ = {isa = PBXBuildFile; fileRef = 9B5FD1842B826E6C00A95620 /* AlertContext.swift */; };
		9B75FC902B7EEDB800C664AC /* AppetizerListCell.swift in Sources */ = {isa = PBXBuildFile; fileRef = 9B75FC8F2B7EEDB700C664AC /* AppetizerListCell.swift */; };
		9B9049492C41E0400078AFE7 /* User.swift in Sources */ = {isa = PBXBuildFile; fileRef = 9B9049482C41E0400078AFE7 /* User.swift */; };
		9B95B9E52C28C66400D96202 /* RemoteImage.swift in Sources */ = {isa = PBXBuildFile; fileRef = 9B95B9E42C28C66400D96202 /* RemoteImage.swift */; };
		9B99ACE82C45F94700C4E871 /* EmptyState.swift in Sources */ = {isa = PBXBuildFile; fileRef = 9B99ACE72C45F94700C4E871 /* EmptyState.swift */; };
		9BA524882B58A1130019A2F7 /* AppetizerListView.swift in Sources */ = {isa = PBXBuildFile; fileRef = 9BA524872B58A1130019A2F7 /* AppetizerListView.swift */; };
		9BA5248A2B58A11F0019A2F7 /* AccountView.swift in Sources */ = {isa = PBXBuildFile; fileRef = 9BA524892B58A11F0019A2F7 /* AccountView.swift */; };
		9BA5248C2B58A1290019A2F7 /* OrderView.swift in Sources */ = {isa = PBXBuildFile; fileRef = 9BA5248B2B58A1290019A2F7 /* OrderView.swift */; };
		9BBB24B82B586EE500DD767A /* AppetizersApp.swift in Sources */ = {isa = PBXBuildFile; fileRef = 9BBB24B72B586EE500DD767A /* AppetizersApp.swift */; };
		9BBB24BA2B586EE500DD767A /* AppetizerTabView.swift in Sources */ = {isa = PBXBuildFile; fileRef = 9BBB24B92B586EE500DD767A /* AppetizerTabView.swift */; };
		9BBB24BC2B586EE900DD767A /* Assets.xcassets in Resources */ = {isa = PBXBuildFile; fileRef = 9BBB24BB2B586EE900DD767A /* Assets.xcassets */; };
		9BBB24BF2B586EE900DD767A /* Preview Assets.xcassets in Resources */ = {isa = PBXBuildFile; fileRef = 9BBB24BE2B586EE900DD767A /* Preview Assets.xcassets */; };
		9BE759FB2C4B2A640086D711 /* Order.swift in Sources */ = {isa = PBXBuildFile; fileRef = 9BE759FA2C4B2A640086D711 /* Order.swift */; };
		9BE759FD2C4DD70C0086D711 /* CustomModifiers.swift in Sources */ = {isa = PBXBuildFile; fileRef = 9BE759FC2C4DD70C0086D711 /* CustomModifiers.swift */; };
		9BEEBC832B5B1CDF00774110 /* Appetizer.swift in Sources */ = {isa = PBXBuildFile; fileRef = 9BEEBC822B5B1CDE00774110 /* Appetizer.swift */; };
		9BF4324E2C40BD5600659713 /* AccountViewModel.swift in Sources */ = {isa = PBXBuildFile; fileRef = 9BF4324D2C40BD5600659713 /* AccountViewModel.swift */; };
		9BF432512C40BE9900659713 /* String+Ext.swift in Sources */ = {isa = PBXBuildFile; fileRef = 9BF432502C40BE9900659713 /* String+Ext.swift */; };
/* End PBXBuildFile section */

/* Begin PBXFileReference section */
		9B3B32FF2C28D80800B79F5C /* AppetizerDetailView.swift */ = {isa = PBXFileReference; lastKnownFileType = sourcecode.swift; path = AppetizerDetailView.swift; sourceTree = "<group>"; };
		9B3B6CD32C3E063A00FABD73 /* APButton.swift */ = {isa = PBXFileReference; lastKnownFileType = sourcecode.swift; path = APButton.swift; sourceTree = "<group>"; };
		9B3B6CD52C3E06D700FABD73 /* DismissButton.swift */ = {isa = PBXFileReference; lastKnownFileType = sourcecode.swift; path = DismissButton.swift; sourceTree = "<group>"; };
		9B3B6CD82C3E078D00FABD73 /* NutritionInfoView.swift */ = {isa = PBXFileReference; lastKnownFileType = sourcecode.swift; path = NutritionInfoView.swift; sourceTree = "<group>"; };
		9B4D5FF22C2268B800A89C56 /* LoadingView.swift */ = {isa = PBXFileReference; lastKnownFileType = sourcecode.swift; path = LoadingView.swift; sourceTree = "<group>"; };
		9B5FD17B2B82629C00A95620 /* NetworkManager.swift */ = {isa = PBXFileReference; lastKnownFileType = sourcecode.swift; path = NetworkManager.swift; sourceTree = "<group>"; };
		9B5FD17D2B82637600A95620 /* APError.swift */ = {isa = PBXFileReference; lastKnownFileType = sourcecode.swift; path = APError.swift; sourceTree = "<group>"; };
		9B5FD17F2B8269A900A95620 /* AppetizerListViewModel.swift */ = {isa = PBXFileReference; lastKnownFileType = sourcecode.swift; path = AppetizerListViewModel.swift; sourceTree = "<group>"; };
		9B5FD1822B826E5300A95620 /* AlertItem.swift */ = {isa = PBXFileReference; lastKnownFileType = sourcecode.swift; path = AlertItem.swift; sourceTree = "<group>"; };
		9B5FD1842B826E6C00A95620 /* AlertContext.swift */ = {isa = PBXFileReference; lastKnownFileType = sourcecode.swift; path = AlertContext.swift; sourceTree = "<group>"; };
		9B75FC8F2B7EEDB700C664AC /* AppetizerListCell.swift */ = {isa = PBXFileReference; lastKnownFileType = sourcecode.swift; path = AppetizerListCell.swift; sourceTree = "<group>"; };
		9B9049482C41E0400078AFE7 /* User.swift */ = {isa = PBXFileReference; lastKnownFileType = sourcecode.swift; path = User.swift; sourceTree = "<group>"; };
		9B95B9E42C28C66400D96202 /* RemoteImage.swift */ = {isa = PBXFileReference; lastKnownFileType = sourcecode.swift; path = RemoteImage.swift; sourceTree = "<group>"; };
		9B99ACE72C45F94700C4E871 /* EmptyState.swift */ = {isa = PBXFileReference; lastKnownFileType = sourcecode.swift; path = EmptyState.swift; sourceTree = "<group>"; };
		9BA524872B58A1130019A2F7 /* AppetizerListView.swift */ = {isa = PBXFileReference; lastKnownFileType = sourcecode.swift; path = AppetizerListView.swift; sourceTree = "<group>"; };
		9BA524892B58A11F0019A2F7 /* AccountView.swift */ = {isa = PBXFileReference; lastKnownFileType = sourcecode.swift; path = AccountView.swift; sourceTree = "<group>"; };
		9BA5248B2B58A1290019A2F7 /* OrderView.swift */ = {isa = PBXFileReference; lastKnownFileType = sourcecode.swift; path = OrderView.swift; sourceTree = "<group>"; };
		9BBB24B42B586EE500DD767A /* Appetizers.app */ = {isa = PBXFileReference; explicitFileType = wrapper.application; includeInIndex = 0; path = Appetizers.app; sourceTree = BUILT_PRODUCTS_DIR; };
		9BBB24B72B586EE500DD767A /* AppetizersApp.swift */ = {isa = PBXFileReference; lastKnownFileType = sourcecode.swift; path = AppetizersApp.swift; sourceTree = "<group>"; };
		9BBB24B92B586EE500DD767A /* AppetizerTabView.swift */ = {isa = PBXFileReference; lastKnownFileType = sourcecode.swift; path = AppetizerTabView.swift; sourceTree = "<group>"; };
		9BBB24BB2B586EE900DD767A /* Assets.xcassets */ = {isa = PBXFileReference; lastKnownFileType = folder.assetcatalog; path = Assets.xcassets; sourceTree = "<group>"; };
		9BBB24BE2B586EE900DD767A /* Preview Assets.xcassets */ = {isa = PBXFileReference; lastKnownFileType = folder.assetcatalog; path = "Preview Assets.xcassets"; sourceTree = "<group>"; };
		9BE759FA2C4B2A640086D711 /* Order.swift */ = {isa = PBXFileReference; lastKnownFileType = sourcecode.swift; path = Order.swift; sourceTree = "<group>"; };
		9BE759FC2C4DD70C0086D711 /* CustomModifiers.swift */ = {isa = PBXFileReference; lastKnownFileType = sourcecode.swift; path = CustomModifiers.swift; sourceTree = "<group>"; };
		9BEEBC822B5B1CDE00774110 /* Appetizer.swift */ = {isa = PBXFileReference; lastKnownFileType = sourcecode.swift; path = Appetizer.swift; sourceTree = "<group>"; };
		9BF4324D2C40BD5600659713 /* AccountViewModel.swift */ = {isa = PBXFileReference; lastKnownFileType = sourcecode.swift; path = AccountViewModel.swift; sourceTree = "<group>"; };
		9BF432502C40BE9900659713 /* String+Ext.swift */ = {isa = PBXFileReference; fileEncoding = 4; lastKnownFileType = sourcecode.swift; path = "String+Ext.swift"; sourceTree = "<group>"; };
/* End PBXFileReference section */

/* Begin PBXFrameworksBuildPhase section */
		9BBB24B12B586EE500DD767A /* Frameworks */ = {
			isa = PBXFrameworksBuildPhase;
			buildActionMask = 2147483647;
			files = (
			);
			runOnlyForDeploymentPostprocessing = 0;
		};
/* End PBXFrameworksBuildPhase section */

/* Begin PBXGroup section */
		9B3B32F72C28D11D00B79F5C /* Scenes */ = {
			isa = PBXGroup;
			children = (
				9BBB24B92B586EE500DD767A /* AppetizerTabView.swift */,
				9B3B32FA2C28D13900B79F5C /* AccountView */,
				9B3B32F82C28D12700B79F5C /* AppetizerListView */,
				9B3B32F92C28D13000B79F5C /* OrderView */,
			);
			path = Scenes;
			sourceTree = "<group>";
		};
		9B3B32F82C28D12700B79F5C /* AppetizerListView */ = {
			isa = PBXGroup;
			children = (
				9B3B32FF2C28D80800B79F5C /* AppetizerDetailView.swift */,
				9BA524872B58A1130019A2F7 /* AppetizerListView.swift */,
				9B5FD17F2B8269A900A95620 /* AppetizerListViewModel.swift */,
			);
			path = AppetizerListView;
			sourceTree = "<group>";
		};
		9B3B32F92C28D13000B79F5C /* OrderView */ = {
			isa = PBXGroup;
			children = (
				9BA5248B2B58A1290019A2F7 /* OrderView.swift */,
			);
			path = OrderView;
			sourceTree = "<group>";
		};
		9B3B32FA2C28D13900B79F5C /* AccountView */ = {
			isa = PBXGroup;
			children = (
				9BA524892B58A11F0019A2F7 /* AccountView.swift */,
				9BF4324D2C40BD5600659713 /* AccountViewModel.swift */,
			);
			path = AccountView;
			sourceTree = "<group>";
		};
		9B3B32FB2C28D1C400B79F5C /* Views */ = {
			isa = PBXGroup;
			children = (
				9B99ACE62C45F92D00C4E871 /* Empty States */,
				9B3B6CD22C3E062700FABD73 /* Buttons */,
				9B3B32FE2C28D1ED00B79F5C /* Cells */,
				9B3B32FD2C28D1DE00B79F5C /* Image */,
				9B3B6CD72C3E076900FABD73 /* Miscallaneous */,
				9B3B32FC2C28D1CA00B79F5C /* UIKit Components */,
				9BE759FC2C4DD70C0086D711 /* CustomModifiers.swift */,
			);
			path = Views;
			sourceTree = "<group>";
		};
		9B3B32FC2C28D1CA00B79F5C /* UIKit Components */ = {
			isa = PBXGroup;
			children = (
				9B4D5FF22C2268B800A89C56 /* LoadingView.swift */,
			);
			path = "UIKit Components";
			sourceTree = "<group>";
		};
		9B3B32FD2C28D1DE00B79F5C /* Image */ = {
			isa = PBXGroup;
			children = (
				9B95B9E42C28C66400D96202 /* RemoteImage.swift */,
			);
			path = Image;
			sourceTree = "<group>";
		};
		9B3B32FE2C28D1ED00B79F5C /* Cells */ = {
			isa = PBXGroup;
			children = (
				9B75FC8F2B7EEDB700C664AC /* AppetizerListCell.swift */,
			);
			path = Cells;
			sourceTree = "<group>";
		};
		9B3B6CD22C3E062700FABD73 /* Buttons */ = {
			isa = PBXGroup;
			children = (
				9B3B6CD32C3E063A00FABD73 /* APButton.swift */,
				9B3B6CD52C3E06D700FABD73 /* DismissButton.swift */,
			);
			path = Buttons;
			sourceTree = "<group>";
		};
		9B3B6CD72C3E076900FABD73 /* Miscallaneous */ = {
			isa = PBXGroup;
			children = (
				9B3B6CD82C3E078D00FABD73 /* NutritionInfoView.swift */,
			);
			path = Miscallaneous;
			sourceTree = "<group>";
		};
		9B5FD17A2B82629200A95620 /* Network */ = {
			isa = PBXGroup;
			children = (
				9B5FD17B2B82629C00A95620 /* NetworkManager.swift */,
				9B5FD17D2B82637600A95620 /* APError.swift */,
			);
			path = Network;
			sourceTree = "<group>";
		};
		9B5FD1812B826E3D00A95620 /* Helpers */ = {
			isa = PBXGroup;
			children = (
				9BF4324F2C40BE8D00659713 /* Extensions */,
				9B5FD1842B826E6C00A95620 /* AlertContext.swift */,
			);
			path = Helpers;
			sourceTree = "<group>";
		};
		9B99ACE62C45F92D00C4E871 /* Empty States */ = {
			isa = PBXGroup;
			children = (
				9B99ACE72C45F94700C4E871 /* EmptyState.swift */,
			);
			path = "Empty States";
			sourceTree = "<group>";
		};
		9BBB24AB2B586EE500DD767A = {
			isa = PBXGroup;
			children = (
				9BBB24B62B586EE500DD767A /* Appetizers */,
				9BBB24B52B586EE500DD767A /* Products */,
			);
			sourceTree = "<group>";
		};
		9BBB24B52B586EE500DD767A /* Products */ = {
			isa = PBXGroup;
			children = (
				9BBB24B42B586EE500DD767A /* Appetizers.app */,
			);
			name = Products;
			sourceTree = "<group>";
		};
		9BBB24B62B586EE500DD767A /* Appetizers */ = {
			isa = PBXGroup;
			children = (
				9BBB24B72B586EE500DD767A /* AppetizersApp.swift */,
				9BBB24BB2B586EE900DD767A /* Assets.xcassets */,
				9B5FD1812B826E3D00A95620 /* Helpers */,
				9BEEBC812B5B1CAE00774110 /* Models */,
				9B5FD17A2B82629200A95620 /* Network */,
				9BBB24BD2B586EE900DD767A /* Preview Content */,
				9B3B32F72C28D11D00B79F5C /* Scenes */,
				9B3B32FB2C28D1C400B79F5C /* Views */,
			);
			path = Appetizers;
			sourceTree = "<group>";
		};
		9BBB24BD2B586EE900DD767A /* Preview Content */ = {
			isa = PBXGroup;
			children = (
				9BBB24BE2B586EE900DD767A /* Preview Assets.xcassets */,
			);
			path = "Preview Content";
			sourceTree = "<group>";
		};
		9BEEBC812B5B1CAE00774110 /* Models */ = {
			isa = PBXGroup;
			children = (
				9BEEBC822B5B1CDE00774110 /* Appetizer.swift */,
				9B5FD1822B826E5300A95620 /* AlertItem.swift */,
				9B9049482C41E0400078AFE7 /* User.swift */,
				9BE759FA2C4B2A640086D711 /* Order.swift */,
			);
			path = Models;
			sourceTree = "<group>";
		};
		9BF4324F2C40BE8D00659713 /* Extensions */ = {
			isa = PBXGroup;
			children = (
				9BF432502C40BE9900659713 /* String+Ext.swift */,
			);
			path = Extensions;
			sourceTree = "<group>";
		};
/* End PBXGroup section */

/* Begin PBXNativeTarget section */
		9BBB24B32B586EE500DD767A /* Appetizers */ = {
			isa = PBXNativeTarget;
			buildConfigurationList = 9BBB24C22B586EE900DD767A /* Build configuration list for PBXNativeTarget "Appetizers" */;
			buildPhases = (
				9BBB24B02B586EE500DD767A /* Sources */,
				9BBB24B12B586EE500DD767A /* Frameworks */,
				9BBB24B22B586EE500DD767A /* Resources */,
			);
			buildRules = (
			);
			dependencies = (
			);
			name = Appetizers;
			productName = Appetizers;
			productReference = 9BBB24B42B586EE500DD767A /* Appetizers.app */;
			productType = "com.apple.product-type.application";
		};
/* End PBXNativeTarget section */

/* Begin PBXProject section */
		9BBB24AC2B586EE500DD767A /* Project object */ = {
			isa = PBXProject;
			attributes = {
				BuildIndependentTargetsInParallel = 1;
				LastSwiftUpdateCheck = 1510;
				LastUpgradeCheck = 1510;
				TargetAttributes = {
					9BBB24B32B586EE500DD767A = {
						CreatedOnToolsVersion = 15.1;
					};
				};
			};
			buildConfigurationList = 9BBB24AF2B586EE500DD767A /* Build configuration list for PBXProject "Appetizers" */;
			compatibilityVersion = "Xcode 14.0";
			developmentRegion = en;
			hasScannedForEncodings = 0;
			knownRegions = (
				en,
				Base,
			);
			mainGroup = 9BBB24AB2B586EE500DD767A;
			productRefGroup = 9BBB24B52B586EE500DD767A /* Products */;
			projectDirPath = "";
			projectRoot = "";
			targets = (
				9BBB24B32B586EE500DD767A /* Appetizers */,
			);
		};
/* End PBXProject section */

/* Begin PBXResourcesBuildPhase section */
		9BBB24B22B586EE500DD767A /* Resources */ = {
			isa = PBXResourcesBuildPhase;
			buildActionMask = 2147483647;
			files = (
				9BBB24BF2B586EE900DD767A /* Preview Assets.xcassets in Resources */,
				9BBB24BC2B586EE900DD767A /* Assets.xcassets in Resources */,
			);
			runOnlyForDeploymentPostprocessing = 0;
		};
/* End PBXResourcesBuildPhase section */

/* Begin PBXSourcesBuildPhase section */
		9BBB24B02B586EE500DD767A /* Sources */ = {
			isa = PBXSourcesBuildPhase;
			buildActionMask = 2147483647;
			files = (
				9B5FD1832B826E5300A95620 /* AlertItem.swift in Sources */,
				9BEEBC832B5B1CDF00774110 /* Appetizer.swift in Sources */,
				9B5FD1852B826E6C00A95620 /* AlertContext.swift in Sources */,
				9B5FD17E2B82637600A95620 /* APError.swift in Sources */,
				9B75FC902B7EEDB800C664AC /* AppetizerListCell.swift in Sources */,
				9B3B6CD62C3E06D700FABD73 /* DismissButton.swift in Sources */,
				9B5FD1802B8269A900A95620 /* AppetizerListViewModel.swift in Sources */,
				9B3B6CD92C3E078D00FABD73 /* NutritionInfoView.swift in Sources */,
				9B3B6CD42C3E063A00FABD73 /* APButton.swift in Sources */,
				9BA5248A2B58A11F0019A2F7 /* AccountView.swift in Sources */,
				9BF4324E2C40BD5600659713 /* AccountViewModel.swift in Sources */,
				9BBB24BA2B586EE500DD767A /* AppetizerTabView.swift in Sources */,
				9B5FD17C2B82629C00A95620 /* NetworkManager.swift in Sources */,
				9B95B9E52C28C66400D96202 /* RemoteImage.swift in Sources */,
				9B3B33002C28D80800B79F5C /* AppetizerDetailView.swift in Sources */,
				9BBB24B82B586EE500DD767A /* AppetizersApp.swift in Sources */,
				9BA524882B58A1130019A2F7 /* AppetizerListView.swift in Sources */,
				9B4D5FF32C2268B800A89C56 /* LoadingView.swift in Sources */,
				9BF432512C40BE9900659713 /* String+Ext.swift in Sources */,
				9BA5248C2B58A1290019A2F7 /* OrderView.swift in Sources */,
				9BE759FB2C4B2A640086D711 /* Order.swift in Sources */,
				9BE759FD2C4DD70C0086D711 /* CustomModifiers.swift in Sources */,
				9B9049492C41E0400078AFE7 /* User.swift in Sources */,
				9B99ACE82C45F94700C4E871 /* EmptyState.swift in Sources */,
			);
			runOnlyForDeploymentPostprocessing = 0;
		};
/* End PBXSourcesBuildPhase section */

/* Begin XCBuildConfiguration section */
		9BBB24C02B586EE900DD767A /* Debug */ = {
			isa = XCBuildConfiguration;
			buildSettings = {
				ALWAYS_SEARCH_USER_PATHS = NO;
				ASSETCATALOG_COMPILER_GENERATE_SWIFT_ASSET_SYMBOL_EXTENSIONS = YES;
				CLANG_ANALYZER_NONNULL = YES;
				CLANG_ANALYZER_NUMBER_OBJECT_CONVERSION = YES_AGGRESSIVE;
				CLANG_CXX_LANGUAGE_STANDARD = "gnu++20";
				CLANG_ENABLE_MODULES = YES;
				CLANG_ENABLE_OBJC_ARC = YES;
				CLANG_ENABLE_OBJC_WEAK = YES;
				CLANG_WARN_BLOCK_CAPTURE_AUTORELEASING = YES;
				CLANG_WARN_BOOL_CONVERSION = YES;
				CLANG_WARN_COMMA = YES;
				CLANG_WARN_CONSTANT_CONVERSION = YES;
				CLANG_WARN_DEPRECATED_OBJC_IMPLEMENTATIONS = YES;
				CLANG_WARN_DIRECT_OBJC_ISA_USAGE = YES_ERROR;
				CLANG_WARN_DOCUMENTATION_COMMENTS = YES;
				CLANG_WARN_EMPTY_BODY = YES;
				CLANG_WARN_ENUM_CONVERSION = YES;
				CLANG_WARN_INFINITE_RECURSION = YES;
				CLANG_WARN_INT_CONVERSION = YES;
				CLANG_WARN_NON_LITERAL_NULL_CONVERSION = YES;
				CLANG_WARN_OBJC_IMPLICIT_RETAIN_SELF = YES;
				CLANG_WARN_OBJC_LITERAL_CONVERSION = YES;
				CLANG_WARN_OBJC_ROOT_CLASS = YES_ERROR;
				CLANG_WARN_QUOTED_INCLUDE_IN_FRAMEWORK_HEADER = YES;
				CLANG_WARN_RANGE_LOOP_ANALYSIS = YES;
				CLANG_WARN_STRICT_PROTOTYPES = YES;
				CLANG_WARN_SUSPICIOUS_MOVE = YES;
				CLANG_WARN_UNGUARDED_AVAILABILITY = YES_AGGRESSIVE;
				CLANG_WARN_UNREACHABLE_CODE = YES;
				CLANG_WARN__DUPLICATE_METHOD_MATCH = YES;
				COPY_PHASE_STRIP = NO;
				DEBUG_INFORMATION_FORMAT = dwarf;
				ENABLE_STRICT_OBJC_MSGSEND = YES;
				ENABLE_TESTABILITY = YES;
				ENABLE_USER_SCRIPT_SANDBOXING = YES;
				GCC_C_LANGUAGE_STANDARD = gnu17;
				GCC_DYNAMIC_NO_PIC = NO;
				GCC_NO_COMMON_BLOCKS = YES;
				GCC_OPTIMIZATION_LEVEL = 0;
				GCC_PREPROCESSOR_DEFINITIONS = (
					"DEBUG=1",
					"$(inherited)",
				);
				GCC_WARN_64_TO_32_BIT_CONVERSION = YES;
				GCC_WARN_ABOUT_RETURN_TYPE = YES_ERROR;
				GCC_WARN_UNDECLARED_SELECTOR = YES;
				GCC_WARN_UNINITIALIZED_AUTOS = YES_AGGRESSIVE;
				GCC_WARN_UNUSED_FUNCTION = YES;
				GCC_WARN_UNUSED_VARIABLE = YES;
				IPHONEOS_DEPLOYMENT_TARGET = 17.2;
				LOCALIZATION_PREFERS_STRING_CATALOGS = YES;
				MTL_ENABLE_DEBUG_INFO = INCLUDE_SOURCE;
				MTL_FAST_MATH = YES;
				ONLY_ACTIVE_ARCH = YES;
				SDKROOT = iphoneos;
				SWIFT_ACTIVE_COMPILATION_CONDITIONS = "DEBUG $(inherited)";
				SWIFT_OPTIMIZATION_LEVEL = "-Onone";
			};
			name = Debug;
		};
		9BBB24C12B586EE900DD767A /* Release */ = {
			isa = XCBuildConfiguration;
			buildSettings = {
				ALWAYS_SEARCH_USER_PATHS = NO;
				ASSETCATALOG_COMPILER_GENERATE_SWIFT_ASSET_SYMBOL_EXTENSIONS = YES;
				CLANG_ANALYZER_NONNULL = YES;
				CLANG_ANALYZER_NUMBER_OBJECT_CONVERSION = YES_AGGRESSIVE;
				CLANG_CXX_LANGUAGE_STANDARD = "gnu++20";
				CLANG_ENABLE_MODULES = YES;
				CLANG_ENABLE_OBJC_ARC = YES;
				CLANG_ENABLE_OBJC_WEAK = YES;
				CLANG_WARN_BLOCK_CAPTURE_AUTORELEASING = YES;
				CLANG_WARN_BOOL_CONVERSION = YES;
				CLANG_WARN_COMMA = YES;
				CLANG_WARN_CONSTANT_CONVERSION = YES;
				CLANG_WARN_DEPRECATED_OBJC_IMPLEMENTATIONS = YES;
				CLANG_WARN_DIRECT_OBJC_ISA_USAGE = YES_ERROR;
				CLANG_WARN_DOCUMENTATION_COMMENTS = YES;
				CLANG_WARN_EMPTY_BODY = YES;
				CLANG_WARN_ENUM_CONVERSION = YES;
				CLANG_WARN_INFINITE_RECURSION = YES;
				CLANG_WARN_INT_CONVERSION = YES;
				CLANG_WARN_NON_LITERAL_NULL_CONVERSION = YES;
				CLANG_WARN_OBJC_IMPLICIT_RETAIN_SELF = YES;
				CLANG_WARN_OBJC_LITERAL_CONVERSION = YES;
				CLANG_WARN_OBJC_ROOT_CLASS = YES_ERROR;
				CLANG_WARN_QUOTED_INCLUDE_IN_FRAMEWORK_HEADER = YES;
				CLANG_WARN_RANGE_LOOP_ANALYSIS = YES;
				CLANG_WARN_STRICT_PROTOTYPES = YES;
				CLANG_WARN_SUSPICIOUS_MOVE = YES;
				CLANG_WARN_UNGUARDED_AVAILABILITY = YES_AGGRESSIVE;
				CLANG_WARN_UNREACHABLE_CODE = YES;
				CLANG_WARN__DUPLICATE_METHOD_MATCH = YES;
				COPY_PHASE_STRIP = NO;
				DEBUG_INFORMATION_FORMAT = "dwarf-with-dsym";
				ENABLE_NS_ASSERTIONS = NO;
				ENABLE_STRICT_OBJC_MSGSEND = YES;
				ENABLE_USER_SCRIPT_SANDBOXING = YES;
				GCC_C_LANGUAGE_STANDARD = gnu17;
				GCC_NO_COMMON_BLOCKS = YES;
				GCC_WARN_64_TO_32_BIT_CONVERSION = YES;
				GCC_WARN_ABOUT_RETURN_TYPE = YES_ERROR;
				GCC_WARN_UNDECLARED_SELECTOR = YES;
				GCC_WARN_UNINITIALIZED_AUTOS = YES_AGGRESSIVE;
				GCC_WARN_UNUSED_FUNCTION = YES;
				GCC_WARN_UNUSED_VARIABLE = YES;
				IPHONEOS_DEPLOYMENT_TARGET = 17.2;
				LOCALIZATION_PREFERS_STRING_CATALOGS = YES;
				MTL_ENABLE_DEBUG_INFO = NO;
				MTL_FAST_MATH = YES;
				SDKROOT = iphoneos;
				SWIFT_COMPILATION_MODE = wholemodule;
				VALIDATE_PRODUCT = YES;
			};
			name = Release;
		};
		9BBB24C32B586EE900DD767A /* Debug */ = {
			isa = XCBuildConfiguration;
			buildSettings = {
				ASSETCATALOG_COMPILER_APPICON_NAME = AppIcon;
				ASSETCATALOG_COMPILER_GLOBAL_ACCENT_COLOR_NAME = AccentColor;
				CODE_SIGN_STYLE = Automatic;
				CURRENT_PROJECT_VERSION = 1;
				DEVELOPMENT_ASSET_PATHS = "\"Appetizers/Preview Content\"";
				DEVELOPMENT_TEAM = 25M2YHUYP7;
				ENABLE_PREVIEWS = YES;
				GENERATE_INFOPLIST_FILE = YES;
				INFOPLIST_KEY_UIApplicationSceneManifest_Generation = YES;
				INFOPLIST_KEY_UIApplicationSupportsIndirectInputEvents = YES;
				INFOPLIST_KEY_UILaunchScreen_Generation = YES;
				INFOPLIST_KEY_UISupportedInterfaceOrientations_iPad = "UIInterfaceOrientationPortrait UIInterfaceOrientationPortraitUpsideDown UIInterfaceOrientationLandscapeLeft UIInterfaceOrientationLandscapeRight";
				INFOPLIST_KEY_UISupportedInterfaceOrientations_iPhone = "UIInterfaceOrientationPortrait UIInterfaceOrientationLandscapeLeft UIInterfaceOrientationLandscapeRight";
				LD_RUNPATH_SEARCH_PATHS = (
					"$(inherited)",
					"@executable_path/Frameworks",
				);
				MARKETING_VERSION = 1.0;
				PRODUCT_BUNDLE_IDENTIFIER = br.com.gabrielhsp.Appetizers;
				PRODUCT_NAME = "$(TARGET_NAME)";
				SWIFT_EMIT_LOC_STRINGS = YES;
				SWIFT_VERSION = 5.0;
				TARGETED_DEVICE_FAMILY = "1,2";
			};
			name = Debug;
		};
		9BBB24C42B586EE900DD767A /* Release */ = {
			isa = XCBuildConfiguration;
			buildSettings = {
				ASSETCATALOG_COMPILER_APPICON_NAME = AppIcon;
				ASSETCATALOG_COMPILER_GLOBAL_ACCENT_COLOR_NAME = AccentColor;
				CODE_SIGN_STYLE = Automatic;
				CURRENT_PROJECT_VERSION = 1;
				DEVELOPMENT_ASSET_PATHS = "\"Appetizers/Preview Content\"";
				DEVELOPMENT_TEAM = 25M2YHUYP7;
				ENABLE_PREVIEWS = YES;
				GENERATE_INFOPLIST_FILE = YES;
				INFOPLIST_KEY_UIApplicationSceneManifest_Generation = YES;
				INFOPLIST_KEY_UIApplicationSupportsIndirectInputEvents = YES;
				INFOPLIST_KEY_UILaunchScreen_Generation = YES;
				INFOPLIST_KEY_UISupportedInterfaceOrientations_iPad = "UIInterfaceOrientationPortrait UIInterfaceOrientationPortraitUpsideDown UIInterfaceOrientationLandscapeLeft UIInterfaceOrientationLandscapeRight";
				INFOPLIST_KEY_UISupportedInterfaceOrientations_iPhone = "UIInterfaceOrientationPortrait UIInterfaceOrientationLandscapeLeft UIInterfaceOrientationLandscapeRight";
				LD_RUNPATH_SEARCH_PATHS = (
					"$(inherited)",
					"@executable_path/Frameworks",
				);
				MARKETING_VERSION = 1.0;
				PRODUCT_BUNDLE_IDENTIFIER = br.com.gabrielhsp.Appetizers;
				PRODUCT_NAME = "$(TARGET_NAME)";
				SWIFT_EMIT_LOC_STRINGS = YES;
				SWIFT_VERSION = 5.0;
				TARGETED_DEVICE_FAMILY = "1,2";
			};
			name = Release;
		};
/* End XCBuildConfiguration section */

/* Begin XCConfigurationList section */
		9BBB24AF2B586EE500DD767A /* Build configuration list for PBXProject "Appetizers" */ = {
			isa = XCConfigurationList;
			buildConfigurations = (
				9BBB24C02B586EE900DD767A /* Debug */,
				9BBB24C12B586EE900DD767A /* Release */,
			);
			defaultConfigurationIsVisible = 0;
			defaultConfigurationName = Release;
		};
		9BBB24C22B586EE900DD767A /* Build configuration list for PBXNativeTarget "Appetizers" */ = {
			isa = XCConfigurationList;
			buildConfigurations = (
				9BBB24C32B586EE900DD767A /* Debug */,
				9BBB24C42B586EE900DD767A /* Release */,
			);
			defaultConfigurationIsVisible = 0;
			defaultConfigurationName = Release;
		};
/* End XCConfigurationList section */
	};
	rootObject = 9BBB24AC2B586EE500DD767A /* Project object */;
}
